
Microsoft Visual Studio Solution File, Format Version 11.00
# Visual Studio 2010
Project("{FAE04EC0-301F-11D3-BF4B-00C04F79EFBC}") = "Assembly-CSharp", "Assembly-CSharp.csproj", "{CA3B57C1-EB97-F6C8-174E-E53B92835F8F}"
EndProject
Project("{FAE04EC0-301F-11D3-BF4B-00C04F79EFBC}") = "Assembly-CSharp-Editor", "Assembly-CSharp-Editor.csproj", "{52D4D004-5499-ECCF-3398-B9821C4F0467}"
EndProject
Global
	GlobalSection(SolutionConfigurationPlatforms) = preSolution
		Debug|Any CPU = Debug|Any CPU
		Release|Any CPU = Release|Any CPU
	EndGlobalSection
	GlobalSection(ProjectConfigurationPlatforms) = postSolution
		{CA3B57C1-EB97-F6C8-174E-E53B92835F8F}.Debug|Any CPU.ActiveCfg = Debug|Any CPU
		{CA3B57C1-EB97-F6C8-174E-E53B92835F8F}.Debug|Any CPU.Build.0 = Debug|Any CPU
		{CA3B57C1-EB97-F6C8-174E-E53B92835F8F}.Release|Any CPU.ActiveCfg = Release|Any CPU
		{CA3B57C1-EB97-F6C8-174E-E53B92835F8F}.Release|Any CPU.Build.0 = Release|Any CPU
		{52D4D004-5499-ECCF-3398-B9821C4F0467}.Debug|Any CPU.ActiveCfg = Debug|Any CPU
		{52D4D004-5499-ECCF-3398-B9821C4F0467}.Debug|Any CPU.Build.0 = Debug|Any CPU
		{52D4D004-5499-ECCF-3398-B9821C4F0467}.Release|Any CPU.ActiveCfg = Release|Any CPU
		{52D4D004-5499-ECCF-3398-B9821C4F0467}.Release|Any CPU.Build.0 = Release|Any CPU
	EndGlobalSection
	GlobalSection(SolutionProperties) = preSolution
		HideSolutionNode = FALSE
	EndGlobalSection
	GlobalSection(MonoDevelopProperties) = preSolution
		StartupItem = Assembly-CSharp.csproj
	EndGlobalSection
EndGlobal
